
Microsoft Visual Studio Solution File, Format Version 12.00
# Visual Studio 15
VisualStudioVersion = 15.0.26730.16
MinimumVisualStudioVersion = 10.0.40219.1
Project("{9A19103F-16F7-4668-BE54-9A1E7A4F7556}") = "GeekyMoney.Angular", "GeekyMoney\GeekyMoney.Angular.csproj", "{8C65C852-5A74-4AD8-99A0-4C16E6B791F0}"
EndProject
Project("{9A19103F-16F7-4668-BE54-9A1E7A4F7556}") = "GeekyMoney.Model", "GeekyMoney.Model\GeekyMoney.Model.csproj", "{44482CF9-ED1E-44E8-B7DB-1BF1E7C6FD21}"
EndProject
Project("{9A19103F-16F7-4668-BE54-9A1E7A4F7556}") = "GeekyMoney.Calculator", "GeekyMoney.Calculator\GeekyMoney.Calculator.csproj", "{8EC5FC4C-FBA5-4942-BCAF-523FF9B5AC57}"
EndProject
Project("{9A19103F-16F7-4668-BE54-9A1E7A4F7556}") = "GeekyMoney.Data", "GeekyMoney.Data\GeekyMoney.Data.csproj", "{57F1C3B8-FE3B-4963-8178-809BD1A77ACD}"
EndProject
Project("{9A19103F-16F7-4668-BE54-9A1E7A4F7556}") = "GeekyMoney.Services", "GeekyMoney.Services\GeekyMoney.Services.csproj", "{D67DBDA6-9798-4293-A9EC-F9CA7EFD7AA1}"
EndProject
Global
	GlobalSection(SolutionConfigurationPlatforms) = preSolution
		Debug|Any CPU = Debug|Any CPU
		Release|Any CPU = Release|Any CPU
	EndGlobalSection
	GlobalSection(ProjectConfigurationPlatforms) = postSolution
		{8C65C852-5A74-4AD8-99A0-4C16E6B791F0}.Debug|Any CPU.ActiveCfg = Debug|Any CPU
		{8C65C852-5A74-4AD8-99A0-4C16E6B791F0}.Debug|Any CPU.Build.0 = Debug|Any CPU
		{8C65C852-5A74-4AD8-99A0-4C16E6B791F0}.Release|Any CPU.ActiveCfg = Release|Any CPU
		{8C65C852-5A74-4AD8-99A0-4C16E6B791F0}.Release|Any CPU.Build.0 = Release|Any CPU
		{44482CF9-ED1E-44E8-B7DB-1BF1E7C6FD21}.Debug|Any CPU.ActiveCfg = Debug|Any CPU
		{44482CF9-ED1E-44E8-B7DB-1BF1E7C6FD21}.Debug|Any CPU.Build.0 = Debug|Any CPU
		{44482CF9-ED1E-44E8-B7DB-1BF1E7C6FD21}.Release|Any CPU.ActiveCfg = Release|Any CPU
		{44482CF9-ED1E-44E8-B7DB-1BF1E7C6FD21}.Release|Any CPU.Build.0 = Release|Any CPU
		{8EC5FC4C-FBA5-4942-BCAF-523FF9B5AC57}.Debug|Any CPU.ActiveCfg = Debug|Any CPU
		{8EC5FC4C-FBA5-4942-BCAF-523FF9B5AC57}.Debug|Any CPU.Build.0 = Debug|Any CPU
		{8EC5FC4C-FBA5-4942-BCAF-523FF9B5AC57}.Release|Any CPU.ActiveCfg = Release|Any CPU
		{8EC5FC4C-FBA5-4942-BCAF-523FF9B5AC57}.Release|Any CPU.Build.0 = Release|Any CPU
		{57F1C3B8-FE3B-4963-8178-809BD1A77ACD}.Debug|Any CPU.ActiveCfg = Debug|Any CPU
		{57F1C3B8-FE3B-4963-8178-809BD1A77ACD}.Debug|Any CPU.Build.0 = Debug|Any CPU
		{57F1C3B8-FE3B-4963-8178-809BD1A77ACD}.Release|Any CPU.ActiveCfg = Release|Any CPU
		{57F1C3B8-FE3B-4963-8178-809BD1A77ACD}.Release|Any CPU.Build.0 = Release|Any CPU
		{D67DBDA6-9798-4293-A9EC-F9CA7EFD7AA1}.Debug|Any CPU.ActiveCfg = Debug|Any CPU
		{D67DBDA6-9798-4293-A9EC-F9CA7EFD7AA1}.Debug|Any CPU.Build.0 = Debug|Any CPU
		{D67DBDA6-9798-4293-A9EC-F9CA7EFD7AA1}.Release|Any CPU.ActiveCfg = Release|Any CPU
		{D67DBDA6-9798-4293-A9EC-F9CA7EFD7AA1}.Release|Any CPU.Build.0 = Release|Any CPU
	EndGlobalSection
	GlobalSection(SolutionProperties) = preSolution
		HideSolutionNode = FALSE
	EndGlobalSection
	GlobalSection(ExtensibilityGlobals) = postSolution
		SolutionGuid = {DC69C12A-264B-4904-8008-C73DC5672574}
	EndGlobalSection
EndGlobal
